
Microsoft Visual Studio Solution File, Format Version 12.00
# Visual Studio Version 16
VisualStudioVersion = 16.0.30114.105
MinimumVisualStudioVersion = 10.0.40219.1
Project("{FAE04EC0-301F-11D3-BF4B-00C04F79EFBC}") = "EightNeighbourReversi", "EightNeighbourReversi\EightNeighbourReversi.csproj", "{8709EED5-966F-4FC0-ADF4-3456016776D9}"
EndProject
Project("{FAE04EC0-301F-11D3-BF4B-00C04F79EFBC}") = "ReversiTest", "ReversiTest\ReversiTest.csproj", "{3924EA9F-61BE-4E84-B5F3-FAFAD87C38A9}"
EndProject
Global
	GlobalSection(SolutionConfigurationPlatforms) = preSolution
		Debug|Any CPU = Debug|Any CPU
		Debug|x64 = Debug|x64
		Debug|x86 = Debug|x86
		Release|Any CPU = Release|Any CPU
		Release|x64 = Release|x64
		Release|x86 = Release|x86
	EndGlobalSection
	GlobalSection(SolutionProperties) = preSolution
		HideSolutionNode = FALSE
	EndGlobalSection
	GlobalSection(ProjectConfigurationPlatforms) = postSolution
		{8709EED5-966F-4FC0-ADF4-3456016776D9}.Debug|Any CPU.ActiveCfg = Debug|Any CPU
		{8709EED5-966F-4FC0-ADF4-3456016776D9}.Debug|Any CPU.Build.0 = Debug|Any CPU
		{8709EED5-966F-4FC0-ADF4-3456016776D9}.Debug|x64.ActiveCfg = Debug|Any CPU
		{8709EED5-966F-4FC0-ADF4-3456016776D9}.Debug|x64.Build.0 = Debug|Any CPU
		{8709EED5-966F-4FC0-ADF4-3456016776D9}.Debug|x86.ActiveCfg = Debug|Any CPU
		{8709EED5-966F-4FC0-ADF4-3456016776D9}.Debug|x86.Build.0 = Debug|Any CPU
		{8709EED5-966F-4FC0-ADF4-3456016776D9}.Release|Any CPU.ActiveCfg = Release|Any CPU
		{8709EED5-966F-4FC0-ADF4-3456016776D9}.Release|Any CPU.Build.0 = Release|Any CPU
		{8709EED5-966F-4FC0-ADF4-3456016776D9}.Release|x64.ActiveCfg = Release|Any CPU
		{8709EED5-966F-4FC0-ADF4-3456016776D9}.Release|x64.Build.0 = Release|Any CPU
		{8709EED5-966F-4FC0-ADF4-3456016776D9}.Release|x86.ActiveCfg = Release|Any CPU
		{8709EED5-966F-4FC0-ADF4-3456016776D9}.Release|x86.Build.0 = Release|Any CPU
		{3924EA9F-61BE-4E84-B5F3-FAFAD87C38A9}.Debug|Any CPU.ActiveCfg = Debug|Any CPU
		{3924EA9F-61BE-4E84-B5F3-FAFAD87C38A9}.Debug|Any CPU.Build.0 = Debug|Any CPU
		{3924EA9F-61BE-4E84-B5F3-FAFAD87C38A9}.Debug|x64.ActiveCfg = Debug|Any CPU
		{3924EA9F-61BE-4E84-B5F3-FAFAD87C38A9}.Debug|x64.Build.0 = Debug|Any CPU
		{3924EA9F-61BE-4E84-B5F3-FAFAD87C38A9}.Debug|x86.ActiveCfg = Debug|Any CPU
		{3924EA9F-61BE-4E84-B5F3-FAFAD87C38A9}.Debug|x86.Build.0 = Debug|Any CPU
		{3924EA9F-61BE-4E84-B5F3-FAFAD87C38A9}.Release|Any CPU.ActiveCfg = Release|Any CPU
		{3924EA9F-61BE-4E84-B5F3-FAFAD87C38A9}.Release|Any CPU.Build.0 = Release|Any CPU
		{3924EA9F-61BE-4E84-B5F3-FAFAD87C38A9}.Release|x64.ActiveCfg = Release|Any CPU
		{3924EA9F-61BE-4E84-B5F3-FAFAD87C38A9}.Release|x64.Build.0 = Release|Any CPU
		{3924EA9F-61BE-4E84-B5F3-FAFAD87C38A9}.Release|x86.ActiveCfg = Release|Any CPU
		{3924EA9F-61BE-4E84-B5F3-FAFAD87C38A9}.Release|x86.Build.0 = Release|Any CPU
	EndGlobalSection
EndGlobal
